// !$*UTF8*$!
{
	archiveVersion = 1;
	classes = {
	};
	objectVersion = 46;
	objects = {

/* Begin PBXBuildFile section */
		12B2270315088D1800ECC8D6 /* GADBannerView.h in Headers */ = {isa = PBXBuildFile; fileRef = 12B226FD15088D1800ECC8D6 /* GADBannerView.h */; };
		12B2270415088D1800ECC8D6 /* GADBannerViewDelegate.h in Headers */ = {isa = PBXBuildFile; fileRef = 12B226FE15088D1800ECC8D6 /* GADBannerViewDelegate.h */; };
		12B2270515088D1800ECC8D6 /* GADInterstitial.h in Headers */ = {isa = PBXBuildFile; fileRef = 12B226FF15088D1800ECC8D6 /* GADInterstitial.h */; };
		12B2270615088D1800ECC8D6 /* GADInterstitialDelegate.h in Headers */ = {isa = PBXBuildFile; fileRef = 12B2270015088D1800ECC8D6 /* GADInterstitialDelegate.h */; };
		12B2270715088D1800ECC8D6 /* GADRequest.h in Headers */ = {isa = PBXBuildFile; fileRef = 12B2270115088D1800ECC8D6 /* GADRequest.h */; };
		12B2270815088D1800ECC8D6 /* GADRequestError.h in Headers */ = {isa = PBXBuildFile; fileRef = 12B2270215088D1800ECC8D6 /* GADRequestError.h */; };
		12BCCAC71510A20200071352 /* FWAdMobRenderer.h in Headers */ = {isa = PBXBuildFile; fileRef = 12BCCAC51510A20200071352 /* FWAdMobRenderer.h */; };
		12BCCAC81510A20200071352 /* FWAdMobRenderer.m in Sources */ = {isa = PBXBuildFile; fileRef = 12BCCAC61510A20200071352 /* FWAdMobRenderer.m */; };
		73094AED146CD3A5005001BB /* Foundation.framework in Frameworks */ = {isa = PBXBuildFile; fileRef = 73094AEC146CD3A5005001BB /* Foundation.framework */; };
		73094B1B146CDC0F005001BB /* Common.pch in Headers */ = {isa = PBXBuildFile; fileRef = 73094B1A146CDC0F005001BB /* Common.pch */; };
		73094B43146CE12B005001BB /* CoreGraphics.framework in Frameworks */ = {isa = PBXBuildFile; fileRef = 73094B42146CE12B005001BB /* CoreGraphics.framework */; };
		73094B47146CEA18005001BB /* AdMobRenderer.h in Headers */ = {isa = PBXBuildFile; fileRef = 73094B46146CEA18005001BB /* AdMobRenderer.h */; };
		73094BAC146D095B005001BB /* FWAdMobBaseAdRenderer.h in Headers */ = {isa = PBXBuildFile; fileRef = 73094BA3146D095B005001BB /* FWAdMobBaseAdRenderer.h */; };
		73094BAD146D095B005001BB /* FWAdMobBaseAdRenderer.m in Sources */ = {isa = PBXBuildFile; fileRef = 73094BA4146D095B005001BB /* FWAdMobBaseAdRenderer.m */; };
		73094BAE146D095B005001BB /* FWAdMobConstants.h in Headers */ = {isa = PBXBuildFile; fileRef = 73094BA5146D095B005001BB /* FWAdMobConstants.h */; };
		73094BAF146D095B005001BB /* FWAdMobConstants.m in Sources */ = {isa = PBXBuildFile; fileRef = 73094BA6146D095B005001BB /* FWAdMobConstants.m */; };
		73094BB0146D095B005001BB /* FWAdMobInterstitialAdRenderer.h in Headers */ = {isa = PBXBuildFile; fileRef = 73094BA7146D095B005001BB /* FWAdMobInterstitialAdRenderer.h */; };
		73094BB1146D095B005001BB /* FWAdMobInterstitialAdRenderer.m in Sources */ = {isa = PBXBuildFile; fileRef = 73094BA8146D095B005001BB /* FWAdMobInterstitialAdRenderer.m */; };
		73094BB2146D095B005001BB /* FWAdMobViewAdRenderer.h in Headers */ = {isa = PBXBuildFile; fileRef = 73094BA9146D095B005001BB /* FWAdMobViewAdRenderer.h */; };
		73094BB3146D095B005001BB /* FWAdMobViewAdRenderer.m in Sources */ = {isa = PBXBuildFile; fileRef = 73094BAA146D095B005001BB /* FWAdMobViewAdRenderer.m */; };
		8AB8128C1772303C004B55C7 /* FWCommon.h in Headers */ = {isa = PBXBuildFile; fileRef = 8AB8128B1772303C004B55C7 /* FWCommon.h */; };
/* End PBXBuildFile section */

/* Begin PBXFileReference section */
		12B226FD15088D1800ECC8D6 /* GADBannerView.h */ = {isa = PBXFileReference; fileEncoding = 4; lastKnownFileType = sourcecode.c.h; path = GADBannerView.h; sourceTree = "<group>"; };
		12B226FE15088D1800ECC8D6 /* GADBannerViewDelegate.h */ = {isa = PBXFileReference; fileEncoding = 4; lastKnownFileType = sourcecode.c.h; path = GADBannerViewDelegate.h; sourceTree = "<group>"; };
		12B226FF15088D1800ECC8D6 /* GADInterstitial.h */ = {isa = PBXFileReference; fileEncoding = 4; lastKnownFileType = sourcecode.c.h; path = GADInterstitial.h; sourceTree = "<group>"; };
		12B2270015088D1800ECC8D6 /* GADInterstitialDelegate.h */ = {isa = PBXFileReference; fileEncoding = 4; lastKnownFileType = sourcecode.c.h; path = GADInterstitialDelegate.h; sourceTree = "<group>"; };
		12B2270115088D1800ECC8D6 /* GADRequest.h */ = {isa = PBXFileReference; fileEncoding = 4; lastKnownFileType = sourcecode.c.h; path = GADRequest.h; sourceTree = "<group>"; };
		12B2270215088D1800ECC8D6 /* GADRequestError.h */ = {isa = PBXFileReference; fileEncoding = 4; lastKnownFileType = sourcecode.c.h; path = GADRequestError.h; sourceTree = "<group>"; };
		12BCCAC51510A20200071352 /* FWAdMobRenderer.h */ = {isa = PBXFileReference; fileEncoding = 4; lastKnownFileType = sourcecode.c.h; path = FWAdMobRenderer.h; sourceTree = "<group>"; };
		12BCCAC61510A20200071352 /* FWAdMobRenderer.m */ = {isa = PBXFileReference; fileEncoding = 4; lastKnownFileType = sourcecode.c.objc; path = FWAdMobRenderer.m; sourceTree = "<group>"; };
		73094AE9146CD3A5005001BB /* libAdMobRenderer.a */ = {isa = PBXFileReference; explicitFileType = archive.ar; includeInIndex = 0; path = libAdMobRenderer.a; sourceTree = BUILT_PRODUCTS_DIR; };
		73094AEC146CD3A5005001BB /* Foundation.framework */ = {isa = PBXFileReference; lastKnownFileType = wrapper.framework; name = Foundation.framework; path = System/Library/Frameworks/Foundation.framework; sourceTree = SDKROOT; };
		73094B1A146CDC0F005001BB /* Common.pch */ = {isa = PBXFileReference; fileEncoding = 4; lastKnownFileType = sourcecode.c.h; path = Common.pch; sourceTree = "<group>"; };
		73094B42146CE12B005001BB /* CoreGraphics.framework */ = {isa = PBXFileReference; lastKnownFileType = wrapper.framework; name = CoreGraphics.framework; path = System/Library/Frameworks/CoreGraphics.framework; sourceTree = SDKROOT; };
		73094B46146CEA18005001BB /* AdMobRenderer.h */ = {isa = PBXFileReference; fileEncoding = 4; lastKnownFileType = sourcecode.c.h; path = AdMobRenderer.h; sourceTree = "<group>"; };
		73094BA3146D095B005001BB /* FWAdMobBaseAdRenderer.h */ = {isa = PBXFileReference; fileEncoding = 4; lastKnownFileType = sourcecode.c.h; path = FWAdMobBaseAdRenderer.h; sourceTree = "<group>"; };
		73094BA4146D095B005001BB /* FWAdMobBaseAdRenderer.m */ = {isa = PBXFileReference; fileEncoding = 4; lastKnownFileType = sourcecode.c.objc; path = FWAdMobBaseAdRenderer.m; sourceTree = "<group>"; };
		73094BA5146D095B005001BB /* FWAdMobConstants.h */ = {isa = PBXFileReference; fileEncoding = 4; lastKnownFileType = sourcecode.c.h; path = FWAdMobConstants.h; sourceTree = "<group>"; };
		73094BA6146D095B005001BB /* FWAdMobConstants.m */ = {isa = PBXFileReference; fileEncoding = 4; lastKnownFileType = sourcecode.c.objc; path = FWAdMobConstants.m; sourceTree = "<group>"; };
		73094BA7146D095B005001BB /* FWAdMobInterstitialAdRenderer.h */ = {isa = PBXFileReference; fileEncoding = 4; lastKnownFileType = sourcecode.c.h; path = FWAdMobInterstitialAdRenderer.h; sourceTree = "<group>"; };
		73094BA8146D095B005001BB /* FWAdMobInterstitialAdRenderer.m */ = {isa = PBXFileReference; fileEncoding = 4; lastKnownFileType = sourcecode.c.objc; path = FWAdMobInterstitialAdRenderer.m; sourceTree = "<group>"; };
		73094BA9146D095B005001BB /* FWAdMobViewAdRenderer.h */ = {isa = PBXFileReference; fileEncoding = 4; lastKnownFileType = sourcecode.c.h; path = FWAdMobViewAdRenderer.h; sourceTree = "<group>"; };
		73094BAA146D095B005001BB /* FWAdMobViewAdRenderer.m */ = {isa = PBXFileReference; fileEncoding = 4; lastKnownFileType = sourcecode.c.objc; path = FWAdMobViewAdRenderer.m; sourceTree = "<group>"; };
		8AB8128B1772303C004B55C7 /* FWCommon.h */ = {isa = PBXFileReference; fileEncoding = 4; lastKnownFileType = sourcecode.c.h; path = FWCommon.h; sourceTree = "<group>"; };
/* End PBXFileReference section */

/* Begin PBXFrameworksBuildPhase section */
		73094AE6146CD3A5005001BB /* Frameworks */ = {
			isa = PBXFrameworksBuildPhase;
			buildActionMask = 2147483647;
			files = (
				73094B43146CE12B005001BB /* CoreGraphics.framework in Frameworks */,
				73094AED146CD3A5005001BB /* Foundation.framework in Frameworks */,
			);
			runOnlyForDeploymentPostprocessing = 0;
		};
/* End PBXFrameworksBuildPhase section */

/* Begin PBXGroup section */
		46E96417149EE3EF0034E738 /* AdMob */ = {
			isa = PBXGroup;
			children = (
				12B226FD15088D1800ECC8D6 /* GADBannerView.h */,
				12B226FE15088D1800ECC8D6 /* GADBannerViewDelegate.h */,
				12B226FF15088D1800ECC8D6 /* GADInterstitial.h */,
				12B2270015088D1800ECC8D6 /* GADInterstitialDelegate.h */,
				12B2270115088D1800ECC8D6 /* GADRequest.h */,
				12B2270215088D1800ECC8D6 /* GADRequestError.h */,
			);
			path = AdMob;
			sourceTree = "<group>";
		};
		73094ADE146CD3A5005001BB = {
			isa = PBXGroup;
			children = (
				73094AF9146CD523005001BB /* Classes */,
				73094AEB146CD3A5005001BB /* Frameworks */,
				73094AEA146CD3A5005001BB /* Products */,
			);
			sourceTree = "<group>";
		};
		73094AEA146CD3A5005001BB /* Products */ = {
			isa = PBXGroup;
			children = (
				73094AE9146CD3A5005001BB /* libAdMobRenderer.a */,
			);
			name = Products;
			sourceTree = "<group>";
		};
		73094AEB146CD3A5005001BB /* Frameworks */ = {
			isa = PBXGroup;
			children = (
				73094B42146CE12B005001BB /* CoreGraphics.framework */,
				73094AEC146CD3A5005001BB /* Foundation.framework */,
			);
			name = Frameworks;
			sourceTree = "<group>";
		};
		73094AF9146CD523005001BB /* Classes */ = {
			isa = PBXGroup;
			children = (
				8AB8128B1772303C004B55C7 /* FWCommon.h */,
				46E96417149EE3EF0034E738 /* AdMob */,
				73094BA3146D095B005001BB /* FWAdMobBaseAdRenderer.h */,
				73094BA4146D095B005001BB /* FWAdMobBaseAdRenderer.m */,
				73094BA5146D095B005001BB /* FWAdMobConstants.h */,
				73094BA6146D095B005001BB /* FWAdMobConstants.m */,
				73094BA7146D095B005001BB /* FWAdMobInterstitialAdRenderer.h */,
				73094BA8146D095B005001BB /* FWAdMobInterstitialAdRenderer.m */,
				73094BA9146D095B005001BB /* FWAdMobViewAdRenderer.h */,
				73094BAA146D095B005001BB /* FWAdMobViewAdRenderer.m */,
				73094B1A146CDC0F005001BB /* Common.pch */,
				73094B46146CEA18005001BB /* AdMobRenderer.h */,
				12BCCAC51510A20200071352 /* FWAdMobRenderer.h */,
				12BCCAC61510A20200071352 /* FWAdMobRenderer.m */,
			);
			path = Classes;
			sourceTree = "<group>";
		};
/* End PBXGroup section */

/* Begin PBXHeadersBuildPhase section */
		73094AE7146CD3A5005001BB /* Headers */ = {
			isa = PBXHeadersBuildPhase;
			buildActionMask = 2147483647;
			files = (
				73094B1B146CDC0F005001BB /* Common.pch in Headers */,
				73094B47146CEA18005001BB /* AdMobRenderer.h in Headers */,
				73094BAC146D095B005001BB /* FWAdMobBaseAdRenderer.h in Headers */,
				73094BAE146D095B005001BB /* FWAdMobConstants.h in Headers */,
				73094BB0146D095B005001BB /* FWAdMobInterstitialAdRenderer.h in Headers */,
				73094BB2146D095B005001BB /* FWAdMobViewAdRenderer.h in Headers */,
				12B2270315088D1800ECC8D6 /* GADBannerView.h in Headers */,
				12B2270415088D1800ECC8D6 /* GADBannerViewDelegate.h in Headers */,
				12B2270515088D1800ECC8D6 /* GADInterstitial.h in Headers */,
				12B2270615088D1800ECC8D6 /* GADInterstitialDelegate.h in Headers */,
				12B2270715088D1800ECC8D6 /* GADRequest.h in Headers */,
				12B2270815088D1800ECC8D6 /* GADRequestError.h in Headers */,
				12BCCAC71510A20200071352 /* FWAdMobRenderer.h in Headers */,
				8AB8128C1772303C004B55C7 /* FWCommon.h in Headers */,
			);
			runOnlyForDeploymentPostprocessing = 0;
		};
/* End PBXHeadersBuildPhase section */

/* Begin PBXNativeTarget section */
		73094AE8146CD3A5005001BB /* AdMobRenderer */ = {
			isa = PBXNativeTarget;
			buildConfigurationList = 73094AF6146CD3A5005001BB /* Build configuration list for PBXNativeTarget "AdMobRenderer" */;
			buildPhases = (
				73094AE5146CD3A5005001BB /* Sources */,
				73094AE6146CD3A5005001BB /* Frameworks */,
				73094AE7146CD3A5005001BB /* Headers */,
			);
			buildRules = (
			);
			dependencies = (
			);
			name = AdMobRenderer;
			productName = AdMobRenderer;
			productReference = 73094AE9146CD3A5005001BB /* libAdMobRenderer.a */;
			productType = "com.apple.product-type.library.static";
		};
/* End PBXNativeTarget section */

/* Begin PBXProject section */
		73094AE0146CD3A5005001BB /* Project object */ = {
			isa = PBXProject;
			attributes = {
				LastUpgradeCheck = 0430;
				ORGANIZATIONNAME = "FreeWheel Inc";
			};
			buildConfigurationList = 73094AE3146CD3A5005001BB /* Build configuration list for PBXProject "AdMobRenderer" */;
			compatibilityVersion = "Xcode 3.2";
			developmentRegion = English;
			hasScannedForEncodings = 0;
			knownRegions = (
				en,
			);
			mainGroup = 73094ADE146CD3A5005001BB;
			productRefGroup = 73094AEA146CD3A5005001BB /* Products */;
			projectDirPath = "";
			projectRoot = "";
			targets = (
				73094AE8146CD3A5005001BB /* AdMobRenderer */,
			);
		};
/* End PBXProject section */

/* Begin PBXSourcesBuildPhase section */
		73094AE5146CD3A5005001BB /* Sources */ = {
			isa = PBXSourcesBuildPhase;
			buildActionMask = 2147483647;
			files = (
				73094BAD146D095B005001BB /* FWAdMobBaseAdRenderer.m in Sources */,
				73094BAF146D095B005001BB /* FWAdMobConstants.m in Sources */,
				73094BB1146D095B005001BB /* FWAdMobInterstitialAdRenderer.m in Sources */,
				73094BB3146D095B005001BB /* FWAdMobViewAdRenderer.m in Sources */,
				12BCCAC81510A20200071352 /* FWAdMobRenderer.m in Sources */,
			);
			runOnlyForDeploymentPostprocessing = 0;
		};
/* End PBXSourcesBuildPhase section */

/* Begin XCBuildConfiguration section */
		73094AF4146CD3A5005001BB /* Debug */ = {
			isa = XCBuildConfiguration;
			buildSettings = {
				ALWAYS_SEARCH_USER_PATHS = NO;
				ARCHS = (
					armv7,
					i386,
					armv7s,
				);
				COPY_PHASE_STRIP = NO;
				GCC_C_LANGUAGE_STANDARD = gnu99;
				GCC_DYNAMIC_NO_PIC = NO;
				GCC_OPTIMIZATION_LEVEL = 0;
				GCC_PREPROCESSOR_DEFINITIONS = (
					"DEBUG=1",
					"$(inherited)",
				);
				GCC_SYMBOLS_PRIVATE_EXTERN = NO;
				GCC_THUMB_SUPPORT = NO;
				GCC_TREAT_WARNINGS_AS_ERRORS = YES;
				GCC_WARN_ABOUT_MISSING_PROTOTYPES = YES;
				GCC_WARN_ABOUT_RETURN_TYPE = YES;
				GCC_WARN_UNUSED_VARIABLE = YES;
				HEADER_SEARCH_PATHS = ../common/Headers;
				IPHONEOS_DEPLOYMENT_TARGET = 4.3;
				SDKROOT = iphoneos;
			};
			name = Debug;
		};
		73094AF5146CD3A5005001BB /* Release */ = {
			isa = XCBuildConfiguration;
			buildSettings = {
				ALWAYS_SEARCH_USER_PATHS = NO;
				ARCHS = (
					armv7,
					i386,
					armv7s,
				);
				COPY_PHASE_STRIP = YES;
				GCC_C_LANGUAGE_STANDARD = gnu99;
				GCC_THUMB_SUPPORT = NO;
				GCC_TREAT_WARNINGS_AS_ERRORS = YES;
				GCC_WARN_ABOUT_MISSING_PROTOTYPES = YES;
				GCC_WARN_ABOUT_RETURN_TYPE = YES;
				GCC_WARN_UNUSED_VARIABLE = YES;
				HEADER_SEARCH_PATHS = ../common/Headers;
				IPHONEOS_DEPLOYMENT_TARGET = 4.3;
				SDKROOT = iphoneos;
				VALIDATE_PRODUCT = YES;
			};
			name = Release;
		};
		73094AF7146CD3A5005001BB /* Debug */ = {
			isa = XCBuildConfiguration;
			buildSettings = {
				FRAMEWORK_SEARCH_PATHS = lib;
				GCC_PRECOMPILE_PREFIX_HEADER = YES;
				GCC_PREFIX_HEADER = Classes/Common.pch;
				GCC_THUMB_SUPPORT = NO;
				IPHONEOS_DEPLOYMENT_TARGET = 4.3;
				PRODUCT_NAME = "$(TARGET_NAME)";
				SKIP_INSTALL = YES;
			};
			name = Debug;
		};
		73094AF8146CD3A5005001BB /* Release */ = {
			isa = XCBuildConfiguration;
			buildSettings = {
				FRAMEWORK_SEARCH_PATHS = lib;
				GCC_PRECOMPILE_PREFIX_HEADER = YES;
				GCC_PREFIX_HEADER = Classes/Common.pch;
				GCC_THUMB_SUPPORT = NO;
				IPHONEOS_DEPLOYMENT_TARGET = 4.3;
				PRODUCT_NAME = "$(TARGET_NAME)";
				SKIP_INSTALL = YES;
			};
			name = Release;
		};
/* End XCBuildConfiguration section */

/* Begin XCConfigurationList section */
		73094AE3146CD3A5005001BB /* Build configuration list for PBXProject "AdMobRenderer" */ = {
			isa = XCConfigurationList;
			buildConfigurations = (
				73094AF4146CD3A5005001BB /* Debug */,
				73094AF5146CD3A5005001BB /* Release */,
			);
			defaultConfigurationIsVisible = 0;
			defaultConfigurationName = Release;
		};
		73094AF6146CD3A5005001BB /* Build configuration list for PBXNativeTarget "AdMobRenderer" */ = {
			isa = XCConfigurationList;
			buildConfigurations = (
				73094AF7146CD3A5005001BB /* Debug */,
				73094AF8146CD3A5005001BB /* Release */,
			);
			defaultConfigurationIsVisible = 0;
			defaultConfigurationName = Release;
		};
/* End XCConfigurationList section */
	};
	rootObject = 73094AE0146CD3A5005001BB /* Project object */;
}
